
Microsoft Visual Studio Solution File, Format Version 12.00
# Visual Studio Version 17
VisualStudioVersion = 17.7.34031.279
MinimumVisualStudioVersion = 10.0.40219.1
Project("{9A19103F-16F7-4668-BE54-9A1E7A4F7556}") = "desafioItau.domain", "desafioItau.domain\desafioItau.domain.csproj", "{FC9DCBDF-2768-446F-A76F-F34E7FE9C3E9}"
EndProject
Project("{FAE04EC0-301F-11D3-BF4B-00C04F79EFBC}") = "desafioItau.infra", "desafioItau.infra\desafioItau.infra.csproj", "{F6632D33-AD80-4F62-A526-E2C2D8FA8644}"
EndProject
Project("{FAE04EC0-301F-11D3-BF4B-00C04F79EFBC}") = "desafioItau.application", "desafioItau.application\desafioItau.application.csproj", "{F836C60B-7599-4787-BA81-D71D4C06CBD3}"
EndProject
Project("{FAE04EC0-301F-11D3-BF4B-00C04F79EFBC}") = "desafioItau.api", "desafioItau.api\desafioItau.api.csproj", "{E5B25DD1-0E0A-4CDE-832B-3C2D6EDA68CA}"
EndProject
Project("{FAE04EC0-301F-11D3-BF4B-00C04F79EFBC}") = "desafioItau.test", "desafioItau.test\desafioItau.test.csproj", "{DB3C0017-2FA0-43C1-B18E-3EA4FD5BA331}"
EndProject
Global
	GlobalSection(SolutionConfigurationPlatforms) = preSolution
		Debug|Any CPU = Debug|Any CPU
		Release|Any CPU = Release|Any CPU
	EndGlobalSection
	GlobalSection(ProjectConfigurationPlatforms) = postSolution
		{FC9DCBDF-2768-446F-A76F-F34E7FE9C3E9}.Debug|Any CPU.ActiveCfg = Debug|Any CPU
		{FC9DCBDF-2768-446F-A76F-F34E7FE9C3E9}.Debug|Any CPU.Build.0 = Debug|Any CPU
		{FC9DCBDF-2768-446F-A76F-F34E7FE9C3E9}.Release|Any CPU.ActiveCfg = Release|Any CPU
		{FC9DCBDF-2768-446F-A76F-F34E7FE9C3E9}.Release|Any CPU.Build.0 = Release|Any CPU
		{F6632D33-AD80-4F62-A526-E2C2D8FA8644}.Debug|Any CPU.ActiveCfg = Debug|Any CPU
		{F6632D33-AD80-4F62-A526-E2C2D8FA8644}.Debug|Any CPU.Build.0 = Debug|Any CPU
		{F6632D33-AD80-4F62-A526-E2C2D8FA8644}.Release|Any CPU.ActiveCfg = Release|Any CPU
		{F6632D33-AD80-4F62-A526-E2C2D8FA8644}.Release|Any CPU.Build.0 = Release|Any CPU
		{F836C60B-7599-4787-BA81-D71D4C06CBD3}.Debug|Any CPU.ActiveCfg = Debug|Any CPU
		{F836C60B-7599-4787-BA81-D71D4C06CBD3}.Debug|Any CPU.Build.0 = Debug|Any CPU
		{F836C60B-7599-4787-BA81-D71D4C06CBD3}.Release|Any CPU.ActiveCfg = Release|Any CPU
		{F836C60B-7599-4787-BA81-D71D4C06CBD3}.Release|Any CPU.Build.0 = Release|Any CPU
		{E5B25DD1-0E0A-4CDE-832B-3C2D6EDA68CA}.Debug|Any CPU.ActiveCfg = Debug|Any CPU
		{E5B25DD1-0E0A-4CDE-832B-3C2D6EDA68CA}.Debug|Any CPU.Build.0 = Debug|Any CPU
		{E5B25DD1-0E0A-4CDE-832B-3C2D6EDA68CA}.Release|Any CPU.ActiveCfg = Release|Any CPU
		{E5B25DD1-0E0A-4CDE-832B-3C2D6EDA68CA}.Release|Any CPU.Build.0 = Release|Any CPU
		{DB3C0017-2FA0-43C1-B18E-3EA4FD5BA331}.Debug|Any CPU.ActiveCfg = Debug|Any CPU
		{DB3C0017-2FA0-43C1-B18E-3EA4FD5BA331}.Debug|Any CPU.Build.0 = Debug|Any CPU
		{DB3C0017-2FA0-43C1-B18E-3EA4FD5BA331}.Release|Any CPU.ActiveCfg = Release|Any CPU
		{DB3C0017-2FA0-43C1-B18E-3EA4FD5BA331}.Release|Any CPU.Build.0 = Release|Any CPU
	EndGlobalSection
	GlobalSection(SolutionProperties) = preSolution
		HideSolutionNode = FALSE
	EndGlobalSection
	GlobalSection(ExtensibilityGlobals) = postSolution
		SolutionGuid = {35E7867A-EC36-4C7B-BEE2-32465DC2C25F}
	EndGlobalSection
EndGlobal
